// !$*UTF8*$!
{
	archiveVersion = 1;
	classes = {
	};
	objectVersion = 55;
	objects = {

/* Begin PBXBuildFile section */
		AFD1167B287757D700B38530 /* AppDelegate.swift in Sources */ = {isa = PBXBuildFile; fileRef = AFD1167A287757D700B38530 /* AppDelegate.swift */; };
		AFD1167D287757D700B38530 /* SceneDelegate.swift in Sources */ = {isa = PBXBuildFile; fileRef = AFD1167C287757D700B38530 /* SceneDelegate.swift */; };
		AFD11682287757D700B38530 /* Main.storyboard in Resources */ = {isa = PBXBuildFile; fileRef = AFD11680287757D700B38530 /* Main.storyboard */; };
		AFD11684287757D800B38530 /* Assets.xcassets in Resources */ = {isa = PBXBuildFile; fileRef = AFD11683287757D800B38530 /* Assets.xcassets */; };
		AFD11687287757D800B38530 /* LaunchScreen.storyboard in Resources */ = {isa = PBXBuildFile; fileRef = AFD11685287757D800B38530 /* LaunchScreen.storyboard */; };
		AFD11696287759AE00B38530 /* API.swift in Sources */ = {isa = PBXBuildFile; fileRef = AFD11695287759AE00B38530 /* API.swift */; };
		AFD1169828775A1100B38530 /* MainTVC.swift in Sources */ = {isa = PBXBuildFile; fileRef = AFD1169728775A1100B38530 /* MainTVC.swift */; };
		AFD1169A28775AE400B38530 /* NetworkManager.swift in Sources */ = {isa = PBXBuildFile; fileRef = AFD1169928775AE400B38530 /* NetworkManager.swift */; };
		AFD1169E28775CA500B38530 /* Network Extension.swift in Sources */ = {isa = PBXBuildFile; fileRef = AFD1169D28775CA500B38530 /* Network Extension.swift */; };
/* End PBXBuildFile section */

/* Begin PBXFileReference section */
		AFD11677287757D700B38530 /* Futurama Characters.app */ = {isa = PBXFileReference; explicitFileType = wrapper.application; includeInIndex = 0; path = "Futurama Characters.app"; sourceTree = BUILT_PRODUCTS_DIR; };
		AFD1167A287757D700B38530 /* AppDelegate.swift */ = {isa = PBXFileReference; lastKnownFileType = sourcecode.swift; path = AppDelegate.swift; sourceTree = "<group>"; };
		AFD1167C287757D700B38530 /* SceneDelegate.swift */ = {isa = PBXFileReference; lastKnownFileType = sourcecode.swift; path = SceneDelegate.swift; sourceTree = "<group>"; };
		AFD11681287757D700B38530 /* Base */ = {isa = PBXFileReference; lastKnownFileType = file.storyboard; name = Base; path = Base.lproj/Main.storyboard; sourceTree = "<group>"; };
		AFD11683287757D800B38530 /* Assets.xcassets */ = {isa = PBXFileReference; lastKnownFileType = folder.assetcatalog; path = Assets.xcassets; sourceTree = "<group>"; };
		AFD11686287757D800B38530 /* Base */ = {isa = PBXFileReference; lastKnownFileType = file.storyboard; name = Base; path = Base.lproj/LaunchScreen.storyboard; sourceTree = "<group>"; };
		AFD11688287757D800B38530 /* Info.plist */ = {isa = PBXFileReference; lastKnownFileType = text.plist.xml; path = Info.plist; sourceTree = "<group>"; };
		AFD11695287759AE00B38530 /* API.swift */ = {isa = PBXFileReference; lastKnownFileType = sourcecode.swift; path = API.swift; sourceTree = "<group>"; };
		AFD1169728775A1100B38530 /* MainTVC.swift */ = {isa = PBXFileReference; lastKnownFileType = sourcecode.swift; path = MainTVC.swift; sourceTree = "<group>"; };
		AFD1169928775AE400B38530 /* NetworkManager.swift */ = {isa = PBXFileReference; lastKnownFileType = sourcecode.swift; path = NetworkManager.swift; sourceTree = "<group>"; };
		AFD1169D28775CA500B38530 /* Network Extension.swift */ = {isa = PBXFileReference; lastKnownFileType = sourcecode.swift; path = "Network Extension.swift"; sourceTree = "<group>"; };
/* End PBXFileReference section */

/* Begin PBXFrameworksBuildPhase section */
		AFD11674287757D700B38530 /* Frameworks */ = {
			isa = PBXFrameworksBuildPhase;
			buildActionMask = 2147483647;
			files = (
			);
			runOnlyForDeploymentPostprocessing = 0;
		};
/* End PBXFrameworksBuildPhase section */

/* Begin PBXGroup section */
		AFD1166E287757D700B38530 = {
			isa = PBXGroup;
			children = (
				AFD11679287757D700B38530 /* Futurama Characters */,
				AFD11678287757D700B38530 /* Products */,
			);
			sourceTree = "<group>";
		};
		AFD11678287757D700B38530 /* Products */ = {
			isa = PBXGroup;
			children = (
				AFD11677287757D700B38530 /* Futurama Characters.app */,
			);
			name = Products;
			sourceTree = "<group>";
		};
		AFD11679287757D700B38530 /* Futurama Characters */ = {
			isa = PBXGroup;
			children = (
				AFD1168F287758AA00B38530 /* Models */,
				AFD11693287758C600B38530 /* Views */,
				AFD1168E287758A200B38530 /* Screens */,
				AFD11691287758B900B38530 /* Network */,
				AFD11692287758BF00B38530 /* Extensions */,
				AFD11690287758AF00B38530 /* Delegates */,
				AFD11688287757D800B38530 /* Info.plist */,
			);
			path = "Futurama Characters";
			sourceTree = "<group>";
		};
		AFD1168E287758A200B38530 /* Screens */ = {
			isa = PBXGroup;
			children = (
				AFD1169728775A1100B38530 /* MainTVC.swift */,
			);
			path = Screens;
			sourceTree = "<group>";
		};
		AFD1168F287758AA00B38530 /* Models */ = {
			isa = PBXGroup;
			children = (
			);
			path = Models;
			sourceTree = "<group>";
		};
		AFD11690287758AF00B38530 /* Delegates */ = {
			isa = PBXGroup;
			children = (
				AFD1167A287757D700B38530 /* AppDelegate.swift */,
				AFD1167C287757D700B38530 /* SceneDelegate.swift */,
				AFD11683287757D800B38530 /* Assets.xcassets */,
			);
			path = Delegates;
			sourceTree = "<group>";
		};
		AFD11691287758B900B38530 /* Network */ = {
			isa = PBXGroup;
			children = (
				AFD1169928775AE400B38530 /* NetworkManager.swift */,
				AFD11695287759AE00B38530 /* API.swift */,
				AFD1169D28775CA500B38530 /* Network Extension.swift */,
			);
			path = Network;
			sourceTree = "<group>";
		};
		AFD11692287758BF00B38530 /* Extensions */ = {
			isa = PBXGroup;
			children = (
			);
			path = Extensions;
			sourceTree = "<group>";
		};
		AFD11693287758C600B38530 /* Views */ = {
			isa = PBXGroup;
			children = (
				AFD11680287757D700B38530 /* Main.storyboard */,
				AFD11685287757D800B38530 /* LaunchScreen.storyboard */,
			);
			path = Views;
			sourceTree = "<group>";
		};
/* End PBXGroup section */

/* Begin PBXNativeTarget section */
		AFD11676287757D700B38530 /* Futurama Characters */ = {
			isa = PBXNativeTarget;
			buildConfigurationList = AFD1168B287757D800B38530 /* Build configuration list for PBXNativeTarget "Futurama Characters" */;
			buildPhases = (
				AFD11673287757D700B38530 /* Sources */,
				AFD11674287757D700B38530 /* Frameworks */,
				AFD11675287757D700B38530 /* Resources */,
			);
			buildRules = (
			);
			dependencies = (
			);
			name = "Futurama Characters";
			productName = "Futurama Characters";
			productReference = AFD11677287757D700B38530 /* Futurama Characters.app */;
			productType = "com.apple.product-type.application";
		};
/* End PBXNativeTarget section */

/* Begin PBXProject section */
		AFD1166F287757D700B38530 /* Project object */ = {
			isa = PBXProject;
			attributes = {
				BuildIndependentTargetsInParallel = 1;
				LastSwiftUpdateCheck = 1340;
				LastUpgradeCheck = 1340;
				TargetAttributes = {
					AFD11676287757D700B38530 = {
						CreatedOnToolsVersion = 13.4.1;
					};
				};
			};
			buildConfigurationList = AFD11672287757D700B38530 /* Build configuration list for PBXProject "Futurama Characters" */;
			compatibilityVersion = "Xcode 13.0";
			developmentRegion = en;
			hasScannedForEncodings = 0;
			knownRegions = (
				en,
				Base,
			);
			mainGroup = AFD1166E287757D700B38530;
			productRefGroup = AFD11678287757D700B38530 /* Products */;
			projectDirPath = "";
			projectRoot = "";
			targets = (
				AFD11676287757D700B38530 /* Futurama Characters */,
			);
		};
/* End PBXProject section */

/* Begin PBXResourcesBuildPhase section */
		AFD11675287757D700B38530 /* Resources */ = {
			isa = PBXResourcesBuildPhase;
			buildActionMask = 2147483647;
			files = (
				AFD11687287757D800B38530 /* LaunchScreen.storyboard in Resources */,
				AFD11684287757D800B38530 /* Assets.xcassets in Resources */,
				AFD11682287757D700B38530 /* Main.storyboard in Resources */,
			);
			runOnlyForDeploymentPostprocessing = 0;
		};
/* End PBXResourcesBuildPhase section */

/* Begin PBXSourcesBuildPhase section */
		AFD11673287757D700B38530 /* Sources */ = {
			isa = PBXSourcesBuildPhase;
			buildActionMask = 2147483647;
			files = (
				AFD1167B287757D700B38530 /* AppDelegate.swift in Sources */,
				AFD11696287759AE00B38530 /* API.swift in Sources */,
				AFD1169A28775AE400B38530 /* NetworkManager.swift in Sources */,
				AFD1169828775A1100B38530 /* MainTVC.swift in Sources */,
				AFD1167D287757D700B38530 /* SceneDelegate.swift in Sources */,
				AFD1169E28775CA500B38530 /* Network Extension.swift in Sources */,
			);
			runOnlyForDeploymentPostprocessing = 0;
		};
/* End PBXSourcesBuildPhase section */

/* Begin PBXVariantGroup section */
		AFD11680287757D700B38530 /* Main.storyboard */ = {
			isa = PBXVariantGroup;
			children = (
				AFD11681287757D700B38530 /* Base */,
			);
			name = Main.storyboard;
			sourceTree = "<group>";
		};
		AFD11685287757D800B38530 /* LaunchScreen.storyboard */ = {
			isa = PBXVariantGroup;
			children = (
				AFD11686287757D800B38530 /* Base */,
			);
			name = LaunchScreen.storyboard;
			sourceTree = "<group>";
		};
/* End PBXVariantGroup section */

/* Begin XCBuildConfiguration section */
		AFD11689287757D800B38530 /* Debug */ = {
			isa = XCBuildConfiguration;
			buildSettings = {
				ALWAYS_SEARCH_USER_PATHS = NO;
				CLANG_ANALYZER_NONNULL = YES;
				CLANG_ANALYZER_NUMBER_OBJECT_CONVERSION = YES_AGGRESSIVE;
				CLANG_CXX_LANGUAGE_STANDARD = "gnu++17";
				CLANG_ENABLE_MODULES = YES;
				CLANG_ENABLE_OBJC_ARC = YES;
				CLANG_ENABLE_OBJC_WEAK = YES;
				CLANG_WARN_BLOCK_CAPTURE_AUTORELEASING = YES;
				CLANG_WARN_BOOL_CONVERSION = YES;
				CLANG_WARN_COMMA = YES;
				CLANG_WARN_CONSTANT_CONVERSION = YES;
				CLANG_WARN_DEPRECATED_OBJC_IMPLEMENTATIONS = YES;
				CLANG_WARN_DIRECT_OBJC_ISA_USAGE = YES_ERROR;
				CLANG_WARN_DOCUMENTATION_COMMENTS = YES;
				CLANG_WARN_EMPTY_BODY = YES;
				CLANG_WARN_ENUM_CONVERSION = YES;
				CLANG_WARN_INFINITE_RECURSION = YES;
				CLANG_WARN_INT_CONVERSION = YES;
				CLANG_WARN_NON_LITERAL_NULL_CONVERSION = YES;
				CLANG_WARN_OBJC_IMPLICIT_RETAIN_SELF = YES;
				CLANG_WARN_OBJC_LITERAL_CONVERSION = YES;
				CLANG_WARN_OBJC_ROOT_CLASS = YES_ERROR;
				CLANG_WARN_QUOTED_INCLUDE_IN_FRAMEWORK_HEADER = YES;
				CLANG_WARN_RANGE_LOOP_ANALYSIS = YES;
				CLANG_WARN_STRICT_PROTOTYPES = YES;
				CLANG_WARN_SUSPICIOUS_MOVE = YES;
				CLANG_WARN_UNGUARDED_AVAILABILITY = YES_AGGRESSIVE;
				CLANG_WARN_UNREACHABLE_CODE = YES;
				CLANG_WARN__DUPLICATE_METHOD_MATCH = YES;
				COPY_PHASE_STRIP = NO;
				DEBUG_INFORMATION_FORMAT = dwarf;
				ENABLE_STRICT_OBJC_MSGSEND = YES;
				ENABLE_TESTABILITY = YES;
				GCC_C_LANGUAGE_STANDARD = gnu11;
				GCC_DYNAMIC_NO_PIC = NO;
				GCC_NO_COMMON_BLOCKS = YES;
				GCC_OPTIMIZATION_LEVEL = 0;
				GCC_PREPROCESSOR_DEFINITIONS = (
					"DEBUG=1",
					"$(inherited)",
				);
				GCC_WARN_64_TO_32_BIT_CONVERSION = YES;
				GCC_WARN_ABOUT_RETURN_TYPE = YES_ERROR;
				GCC_WARN_UNDECLARED_SELECTOR = YES;
				GCC_WARN_UNINITIALIZED_AUTOS = YES_AGGRESSIVE;
				GCC_WARN_UNUSED_FUNCTION = YES;
				GCC_WARN_UNUSED_VARIABLE = YES;
				IPHONEOS_DEPLOYMENT_TARGET = 15.5;
				MTL_ENABLE_DEBUG_INFO = INCLUDE_SOURCE;
				MTL_FAST_MATH = YES;
				ONLY_ACTIVE_ARCH = YES;
				SDKROOT = iphoneos;
				SWIFT_ACTIVE_COMPILATION_CONDITIONS = DEBUG;
				SWIFT_OPTIMIZATION_LEVEL = "-Onone";
			};
			name = Debug;
		};
		AFD1168A287757D800B38530 /* Release */ = {
			isa = XCBuildConfiguration;
			buildSettings = {
				ALWAYS_SEARCH_USER_PATHS = NO;
				CLANG_ANALYZER_NONNULL = YES;
				CLANG_ANALYZER_NUMBER_OBJECT_CONVERSION = YES_AGGRESSIVE;
				CLANG_CXX_LANGUAGE_STANDARD = "gnu++17";
				CLANG_ENABLE_MODULES = YES;
				CLANG_ENABLE_OBJC_ARC = YES;
				CLANG_ENABLE_OBJC_WEAK = YES;
				CLANG_WARN_BLOCK_CAPTURE_AUTORELEASING = YES;
				CLANG_WARN_BOOL_CONVERSION = YES;
				CLANG_WARN_COMMA = YES;
				CLANG_WARN_CONSTANT_CONVERSION = YES;
				CLANG_WARN_DEPRECATED_OBJC_IMPLEMENTATIONS = YES;
				CLANG_WARN_DIRECT_OBJC_ISA_USAGE = YES_ERROR;
				CLANG_WARN_DOCUMENTATION_COMMENTS = YES;
				CLANG_WARN_EMPTY_BODY = YES;
				CLANG_WARN_ENUM_CONVERSION = YES;
				CLANG_WARN_INFINITE_RECURSION = YES;
				CLANG_WARN_INT_CONVERSION = YES;
				CLANG_WARN_NON_LITERAL_NULL_CONVERSION = YES;
				CLANG_WARN_OBJC_IMPLICIT_RETAIN_SELF = YES;
				CLANG_WARN_OBJC_LITERAL_CONVERSION = YES;
				CLANG_WARN_OBJC_ROOT_CLASS = YES_ERROR;
				CLANG_WARN_QUOTED_INCLUDE_IN_FRAMEWORK_HEADER = YES;
				CLANG_WARN_RANGE_LOOP_ANALYSIS = YES;
				CLANG_WARN_STRICT_PROTOTYPES = YES;
				CLANG_WARN_SUSPICIOUS_MOVE = YES;
				CLANG_WARN_UNGUARDED_AVAILABILITY = YES_AGGRESSIVE;
				CLANG_WARN_UNREACHABLE_CODE = YES;
				CLANG_WARN__DUPLICATE_METHOD_MATCH = YES;
				COPY_PHASE_STRIP = NO;
				DEBUG_INFORMATION_FORMAT = "dwarf-with-dsym";
				ENABLE_NS_ASSERTIONS = NO;
				ENABLE_STRICT_OBJC_MSGSEND = YES;
				GCC_C_LANGUAGE_STANDARD = gnu11;
				GCC_NO_COMMON_BLOCKS = YES;
				GCC_WARN_64_TO_32_BIT_CONVERSION = YES;
				GCC_WARN_ABOUT_RETURN_TYPE = YES_ERROR;
				GCC_WARN_UNDECLARED_SELECTOR = YES;
				GCC_WARN_UNINITIALIZED_AUTOS = YES_AGGRESSIVE;
				GCC_WARN_UNUSED_FUNCTION = YES;
				GCC_WARN_UNUSED_VARIABLE = YES;
				IPHONEOS_DEPLOYMENT_TARGET = 15.5;
				MTL_ENABLE_DEBUG_INFO = NO;
				MTL_FAST_MATH = YES;
				SDKROOT = iphoneos;
				SWIFT_COMPILATION_MODE = wholemodule;
				SWIFT_OPTIMIZATION_LEVEL = "-O";
				VALIDATE_PRODUCT = YES;
			};
			name = Release;
		};
		AFD1168C287757D800B38530 /* Debug */ = {
			isa = XCBuildConfiguration;
			buildSettings = {
				ASSETCATALOG_COMPILER_APPICON_NAME = AppIcon;
				ASSETCATALOG_COMPILER_GLOBAL_ACCENT_COLOR_NAME = AccentColor;
				CODE_SIGN_STYLE = Automatic;
				CURRENT_PROJECT_VERSION = 1;
				DEVELOPMENT_TEAM = 36FB83P3NL;
				GENERATE_INFOPLIST_FILE = YES;
				INFOPLIST_FILE = "Futurama Characters/Info.plist";
				INFOPLIST_KEY_UIApplicationSupportsIndirectInputEvents = YES;
				INFOPLIST_KEY_UILaunchStoryboardName = LaunchScreen;
				INFOPLIST_KEY_UIMainStoryboardFile = Main;
				INFOPLIST_KEY_UISupportedInterfaceOrientations_iPad = "UIInterfaceOrientationPortrait UIInterfaceOrientationPortraitUpsideDown UIInterfaceOrientationLandscapeLeft UIInterfaceOrientationLandscapeRight";
				INFOPLIST_KEY_UISupportedInterfaceOrientations_iPhone = "UIInterfaceOrientationPortrait UIInterfaceOrientationLandscapeLeft UIInterfaceOrientationLandscapeRight";
				LD_RUNPATH_SEARCH_PATHS = (
					"$(inherited)",
					"@executable_path/Frameworks",
				);
				MARKETING_VERSION = 1.0;
				PRODUCT_BUNDLE_IDENTIFIER = "pet-project.Futurama-Characters";
				PRODUCT_NAME = "$(TARGET_NAME)";
				SWIFT_EMIT_LOC_STRINGS = YES;
				SWIFT_VERSION = 5.0;
				TARGETED_DEVICE_FAMILY = "1,2";
			};
			name = Debug;
		};
		AFD1168D287757D800B38530 /* Release */ = {
			isa = XCBuildConfiguration;
			buildSettings = {
				ASSETCATALOG_COMPILER_APPICON_NAME = AppIcon;
				ASSETCATALOG_COMPILER_GLOBAL_ACCENT_COLOR_NAME = AccentColor;
				CODE_SIGN_STYLE = Automatic;
				CURRENT_PROJECT_VERSION = 1;
				DEVELOPMENT_TEAM = 36FB83P3NL;
				GENERATE_INFOPLIST_FILE = YES;
				INFOPLIST_FILE = "Futurama Characters/Info.plist";
				INFOPLIST_KEY_UIApplicationSupportsIndirectInputEvents = YES;
				INFOPLIST_KEY_UILaunchStoryboardName = LaunchScreen;
				INFOPLIST_KEY_UIMainStoryboardFile = Main;
				INFOPLIST_KEY_UISupportedInterfaceOrientations_iPad = "UIInterfaceOrientationPortrait UIInterfaceOrientationPortraitUpsideDown UIInterfaceOrientationLandscapeLeft UIInterfaceOrientationLandscapeRight";
				INFOPLIST_KEY_UISupportedInterfaceOrientations_iPhone = "UIInterfaceOrientationPortrait UIInterfaceOrientationLandscapeLeft UIInterfaceOrientationLandscapeRight";
				LD_RUNPATH_SEARCH_PATHS = (
					"$(inherited)",
					"@executable_path/Frameworks",
				);
				MARKETING_VERSION = 1.0;
				PRODUCT_BUNDLE_IDENTIFIER = "pet-project.Futurama-Characters";
				PRODUCT_NAME = "$(TARGET_NAME)";
				SWIFT_EMIT_LOC_STRINGS = YES;
				SWIFT_VERSION = 5.0;
				TARGETED_DEVICE_FAMILY = "1,2";
			};
			name = Release;
		};
/* End XCBuildConfiguration section */

/* Begin XCConfigurationList section */
		AFD11672287757D700B38530 /* Build configuration list for PBXProject "Futurama Characters" */ = {
			isa = XCConfigurationList;
			buildConfigurations = (
				AFD11689287757D800B38530 /* Debug */,
				AFD1168A287757D800B38530 /* Release */,
			);
			defaultConfigurationIsVisible = 0;
			defaultConfigurationName = Release;
		};
		AFD1168B287757D800B38530 /* Build configuration list for PBXNativeTarget "Futurama Characters" */ = {
			isa = XCConfigurationList;
			buildConfigurations = (
				AFD1168C287757D800B38530 /* Debug */,
				AFD1168D287757D800B38530 /* Release */,
			);
			defaultConfigurationIsVisible = 0;
			defaultConfigurationName = Release;
		};
/* End XCConfigurationList section */
	};
	rootObject = AFD1166F287757D700B38530 /* Project object */;
}
