// !$*UTF8*$!
{
	archiveVersion = 1;
	classes = {
	};
	objectVersion = 55;
	objects = {

/* Begin PBXBuildFile section */
		AF25D2BA2875B3100084E33D /* AppDelegate.swift in Sources */ = {isa = PBXBuildFile; fileRef = AF25D2B92875B3100084E33D /* AppDelegate.swift */; };
		AF25D2BC2875B3110084E33D /* SceneDelegate.swift in Sources */ = {isa = PBXBuildFile; fileRef = AF25D2BB2875B3110084E33D /* SceneDelegate.swift */; };
		AF25D2C12875B3110084E33D /* Main.storyboard in Resources */ = {isa = PBXBuildFile; fileRef = AF25D2BF2875B3110084E33D /* Main.storyboard */; };
		AF25D2C32875B3160084E33D /* Assets.xcassets in Resources */ = {isa = PBXBuildFile; fileRef = AF25D2C22875B3160084E33D /* Assets.xcassets */; };
		AF25D2C62875B3160084E33D /* LaunchScreen.storyboard in Resources */ = {isa = PBXBuildFile; fileRef = AF25D2C42875B3160084E33D /* LaunchScreen.storyboard */; };
		AF25D2D22875B7FF0084E33D /* TableViewController.swift in Sources */ = {isa = PBXBuildFile; fileRef = AF25D2D12875B7FF0084E33D /* TableViewController.swift */; };
		AF25D2D42875B85D0084E33D /* Profile.swift in Sources */ = {isa = PBXBuildFile; fileRef = AF25D2D32875B85D0084E33D /* Profile.swift */; };
		AF25D2D62875BBDD0084E33D /* TableViewCell.swift in Sources */ = {isa = PBXBuildFile; fileRef = AF25D2D52875BBDD0084E33D /* TableViewCell.swift */; };
		AF25D2DB2875CA860084E33D /* ViewModel.swift in Sources */ = {isa = PBXBuildFile; fileRef = AF25D2DA2875CA860084E33D /* ViewModel.swift */; };
		AF25D2DD2875CB050084E33D /* TableViewModelType.swift in Sources */ = {isa = PBXBuildFile; fileRef = AF25D2DC2875CB050084E33D /* TableViewModelType.swift */; };
		AF25D2E12875CD130084E33D /* TableViewCellViewModelType.swift in Sources */ = {isa = PBXBuildFile; fileRef = AF25D2E02875CD130084E33D /* TableViewCellViewModelType.swift */; };
		AF25D2E32875F0410084E33D /* TableViewCellViewModel.swift in Sources */ = {isa = PBXBuildFile; fileRef = AF25D2E22875F0410084E33D /* TableViewCellViewModel.swift */; };
		AF25D2E52875F4DA0084E33D /* ViewController.swift in Sources */ = {isa = PBXBuildFile; fileRef = AF25D2E42875F4DA0084E33D /* ViewController.swift */; };
		AF25D2E72875F5880084E33D /* DetailViewModelType.swift in Sources */ = {isa = PBXBuildFile; fileRef = AF25D2E62875F5880084E33D /* DetailViewModelType.swift */; };
		AF25D2E92875F5B20084E33D /* DetailViewModel.swift in Sources */ = {isa = PBXBuildFile; fileRef = AF25D2E82875F5B20084E33D /* DetailViewModel.swift */; };
		AF25D2EB2875FB370084E33D /* Box.swift in Sources */ = {isa = PBXBuildFile; fileRef = AF25D2EA2875FB370084E33D /* Box.swift */; };
/* End PBXBuildFile section */

/* Begin PBXFileReference section */
		AF25D2B62875B3100084E33D /* fromMVCtoMVVM.app */ = {isa = PBXFileReference; explicitFileType = wrapper.application; includeInIndex = 0; path = fromMVCtoMVVM.app; sourceTree = BUILT_PRODUCTS_DIR; };
		AF25D2B92875B3100084E33D /* AppDelegate.swift */ = {isa = PBXFileReference; lastKnownFileType = sourcecode.swift; path = AppDelegate.swift; sourceTree = "<group>"; };
		AF25D2BB2875B3110084E33D /* SceneDelegate.swift */ = {isa = PBXFileReference; lastKnownFileType = sourcecode.swift; path = SceneDelegate.swift; sourceTree = "<group>"; };
		AF25D2C02875B3110084E33D /* Base */ = {isa = PBXFileReference; lastKnownFileType = file.storyboard; name = Base; path = Base.lproj/Main.storyboard; sourceTree = "<group>"; };
		AF25D2C22875B3160084E33D /* Assets.xcassets */ = {isa = PBXFileReference; lastKnownFileType = folder.assetcatalog; path = Assets.xcassets; sourceTree = "<group>"; };
		AF25D2C52875B3160084E33D /* Base */ = {isa = PBXFileReference; lastKnownFileType = file.storyboard; name = Base; path = Base.lproj/LaunchScreen.storyboard; sourceTree = "<group>"; };
		AF25D2C72875B3160084E33D /* Info.plist */ = {isa = PBXFileReference; lastKnownFileType = text.plist.xml; path = Info.plist; sourceTree = "<group>"; };
		AF25D2D12875B7FF0084E33D /* TableViewController.swift */ = {isa = PBXFileReference; lastKnownFileType = sourcecode.swift; path = TableViewController.swift; sourceTree = "<group>"; };
		AF25D2D32875B85D0084E33D /* Profile.swift */ = {isa = PBXFileReference; lastKnownFileType = sourcecode.swift; path = Profile.swift; sourceTree = "<group>"; };
		AF25D2D52875BBDD0084E33D /* TableViewCell.swift */ = {isa = PBXFileReference; lastKnownFileType = sourcecode.swift; path = TableViewCell.swift; sourceTree = "<group>"; };
		AF25D2DA2875CA860084E33D /* ViewModel.swift */ = {isa = PBXFileReference; lastKnownFileType = sourcecode.swift; path = ViewModel.swift; sourceTree = "<group>"; };
		AF25D2DC2875CB050084E33D /* TableViewModelType.swift */ = {isa = PBXFileReference; lastKnownFileType = sourcecode.swift; path = TableViewModelType.swift; sourceTree = "<group>"; };
		AF25D2E02875CD130084E33D /* TableViewCellViewModelType.swift */ = {isa = PBXFileReference; lastKnownFileType = sourcecode.swift; path = TableViewCellViewModelType.swift; sourceTree = "<group>"; };
		AF25D2E22875F0410084E33D /* TableViewCellViewModel.swift */ = {isa = PBXFileReference; lastKnownFileType = sourcecode.swift; path = TableViewCellViewModel.swift; sourceTree = "<group>"; };
		AF25D2E42875F4DA0084E33D /* ViewController.swift */ = {isa = PBXFileReference; lastKnownFileType = sourcecode.swift; path = ViewController.swift; sourceTree = "<group>"; };
		AF25D2E62875F5880084E33D /* DetailViewModelType.swift */ = {isa = PBXFileReference; lastKnownFileType = sourcecode.swift; path = DetailViewModelType.swift; sourceTree = "<group>"; };
		AF25D2E82875F5B20084E33D /* DetailViewModel.swift */ = {isa = PBXFileReference; lastKnownFileType = sourcecode.swift; path = DetailViewModel.swift; sourceTree = "<group>"; };
		AF25D2EA2875FB370084E33D /* Box.swift */ = {isa = PBXFileReference; lastKnownFileType = sourcecode.swift; path = Box.swift; sourceTree = "<group>"; };
/* End PBXFileReference section */

/* Begin PBXFrameworksBuildPhase section */
		AF25D2B32875B3100084E33D /* Frameworks */ = {
			isa = PBXFrameworksBuildPhase;
			buildActionMask = 2147483647;
			files = (
			);
			runOnlyForDeploymentPostprocessing = 0;
		};
/* End PBXFrameworksBuildPhase section */

/* Begin PBXGroup section */
		AF25D2AD2875B3100084E33D = {
			isa = PBXGroup;
			children = (
				AF25D2B82875B3100084E33D /* fromMVCtoMVVM */,
				AF25D2B72875B3100084E33D /* Products */,
			);
			sourceTree = "<group>";
		};
		AF25D2B72875B3100084E33D /* Products */ = {
			isa = PBXGroup;
			children = (
				AF25D2B62875B3100084E33D /* fromMVCtoMVVM.app */,
			);
			name = Products;
			sourceTree = "<group>";
		};
		AF25D2B82875B3100084E33D /* fromMVCtoMVVM */ = {
			isa = PBXGroup;
			children = (
				AF25D2B92875B3100084E33D /* AppDelegate.swift */,
				AF25D2BB2875B3110084E33D /* SceneDelegate.swift */,
				AF25D2EA2875FB370084E33D /* Box.swift */,
				AF25D2DF2875CB910084E33D /* Protocols */,
				AF25D2DE2875CB8A0084E33D /* ViewModel */,
				AF25D2D82875BC490084E33D /* View */,
				AF25D2D72875BC430084E33D /* Model */,
				AF25D2BF2875B3110084E33D /* Main.storyboard */,
				AF25D2C42875B3160084E33D /* LaunchScreen.storyboard */,
				AF25D2C22875B3160084E33D /* Assets.xcassets */,
				AF25D2C72875B3160084E33D /* Info.plist */,
			);
			path = fromMVCtoMVVM;
			sourceTree = "<group>";
		};
		AF25D2D72875BC430084E33D /* Model */ = {
			isa = PBXGroup;
			children = (
				AF25D2D32875B85D0084E33D /* Profile.swift */,
			);
			path = Model;
			sourceTree = "<group>";
		};
		AF25D2D82875BC490084E33D /* View */ = {
			isa = PBXGroup;
			children = (
				AF25D2D12875B7FF0084E33D /* TableViewController.swift */,
				AF25D2D52875BBDD0084E33D /* TableViewCell.swift */,
				AF25D2E42875F4DA0084E33D /* ViewController.swift */,
			);
			path = View;
			sourceTree = "<group>";
		};
		AF25D2DE2875CB8A0084E33D /* ViewModel */ = {
			isa = PBXGroup;
			children = (
				AF25D2DA2875CA860084E33D /* ViewModel.swift */,
				AF25D2E22875F0410084E33D /* TableViewCellViewModel.swift */,
				AF25D2E82875F5B20084E33D /* DetailViewModel.swift */,
			);
			path = ViewModel;
			sourceTree = "<group>";
		};
		AF25D2DF2875CB910084E33D /* Protocols */ = {
			isa = PBXGroup;
			children = (
				AF25D2DC2875CB050084E33D /* TableViewModelType.swift */,
				AF25D2E02875CD130084E33D /* TableViewCellViewModelType.swift */,
				AF25D2E62875F5880084E33D /* DetailViewModelType.swift */,
			);
			path = Protocols;
			sourceTree = "<group>";
		};
/* End PBXGroup section */

/* Begin PBXNativeTarget section */
		AF25D2B52875B3100084E33D /* fromMVCtoMVVM */ = {
			isa = PBXNativeTarget;
			buildConfigurationList = AF25D2CA2875B3160084E33D /* Build configuration list for PBXNativeTarget "fromMVCtoMVVM" */;
			buildPhases = (
				AF25D2B22875B3100084E33D /* Sources */,
				AF25D2B32875B3100084E33D /* Frameworks */,
				AF25D2B42875B3100084E33D /* Resources */,
			);
			buildRules = (
			);
			dependencies = (
			);
			name = fromMVCtoMVVM;
			productName = fromMVCtoMVVM;
			productReference = AF25D2B62875B3100084E33D /* fromMVCtoMVVM.app */;
			productType = "com.apple.product-type.application";
		};
/* End PBXNativeTarget section */

/* Begin PBXProject section */
		AF25D2AE2875B3100084E33D /* Project object */ = {
			isa = PBXProject;
			attributes = {
				BuildIndependentTargetsInParallel = 1;
				LastSwiftUpdateCheck = 1340;
				LastUpgradeCheck = 1340;
				TargetAttributes = {
					AF25D2B52875B3100084E33D = {
						CreatedOnToolsVersion = 13.4.1;
					};
				};
			};
			buildConfigurationList = AF25D2B12875B3100084E33D /* Build configuration list for PBXProject "fromMVCtoMVVM" */;
			compatibilityVersion = "Xcode 13.0";
			developmentRegion = en;
			hasScannedForEncodings = 0;
			knownRegions = (
				en,
				Base,
			);
			mainGroup = AF25D2AD2875B3100084E33D;
			productRefGroup = AF25D2B72875B3100084E33D /* Products */;
			projectDirPath = "";
			projectRoot = "";
			targets = (
				AF25D2B52875B3100084E33D /* fromMVCtoMVVM */,
			);
		};
/* End PBXProject section */

/* Begin PBXResourcesBuildPhase section */
		AF25D2B42875B3100084E33D /* Resources */ = {
			isa = PBXResourcesBuildPhase;
			buildActionMask = 2147483647;
			files = (
				AF25D2C62875B3160084E33D /* LaunchScreen.storyboard in Resources */,
				AF25D2C32875B3160084E33D /* Assets.xcassets in Resources */,
				AF25D2C12875B3110084E33D /* Main.storyboard in Resources */,
			);
			runOnlyForDeploymentPostprocessing = 0;
		};
/* End PBXResourcesBuildPhase section */

/* Begin PBXSourcesBuildPhase section */
		AF25D2B22875B3100084E33D /* Sources */ = {
			isa = PBXSourcesBuildPhase;
			buildActionMask = 2147483647;
			files = (
				AF25D2E52875F4DA0084E33D /* ViewController.swift in Sources */,
				AF25D2E12875CD130084E33D /* TableViewCellViewModelType.swift in Sources */,
				AF25D2D62875BBDD0084E33D /* TableViewCell.swift in Sources */,
				AF25D2BA2875B3100084E33D /* AppDelegate.swift in Sources */,
				AF25D2D42875B85D0084E33D /* Profile.swift in Sources */,
				AF25D2D22875B7FF0084E33D /* TableViewController.swift in Sources */,
				AF25D2EB2875FB370084E33D /* Box.swift in Sources */,
				AF25D2E72875F5880084E33D /* DetailViewModelType.swift in Sources */,
				AF25D2E92875F5B20084E33D /* DetailViewModel.swift in Sources */,
				AF25D2DD2875CB050084E33D /* TableViewModelType.swift in Sources */,
				AF25D2E32875F0410084E33D /* TableViewCellViewModel.swift in Sources */,
				AF25D2DB2875CA860084E33D /* ViewModel.swift in Sources */,
				AF25D2BC2875B3110084E33D /* SceneDelegate.swift in Sources */,
			);
			runOnlyForDeploymentPostprocessing = 0;
		};
/* End PBXSourcesBuildPhase section */

/* Begin PBXVariantGroup section */
		AF25D2BF2875B3110084E33D /* Main.storyboard */ = {
			isa = PBXVariantGroup;
			children = (
				AF25D2C02875B3110084E33D /* Base */,
			);
			name = Main.storyboard;
			sourceTree = "<group>";
		};
		AF25D2C42875B3160084E33D /* LaunchScreen.storyboard */ = {
			isa = PBXVariantGroup;
			children = (
				AF25D2C52875B3160084E33D /* Base */,
			);
			name = LaunchScreen.storyboard;
			sourceTree = "<group>";
		};
/* End PBXVariantGroup section */

/* Begin XCBuildConfiguration section */
		AF25D2C82875B3160084E33D /* Debug */ = {
			isa = XCBuildConfiguration;
			buildSettings = {
				ALWAYS_SEARCH_USER_PATHS = NO;
				CLANG_ANALYZER_NONNULL = YES;
				CLANG_ANALYZER_NUMBER_OBJECT_CONVERSION = YES_AGGRESSIVE;
				CLANG_CXX_LANGUAGE_STANDARD = "gnu++17";
				CLANG_ENABLE_MODULES = YES;
				CLANG_ENABLE_OBJC_ARC = YES;
				CLANG_ENABLE_OBJC_WEAK = YES;
				CLANG_WARN_BLOCK_CAPTURE_AUTORELEASING = YES;
				CLANG_WARN_BOOL_CONVERSION = YES;
				CLANG_WARN_COMMA = YES;
				CLANG_WARN_CONSTANT_CONVERSION = YES;
				CLANG_WARN_DEPRECATED_OBJC_IMPLEMENTATIONS = YES;
				CLANG_WARN_DIRECT_OBJC_ISA_USAGE = YES_ERROR;
				CLANG_WARN_DOCUMENTATION_COMMENTS = YES;
				CLANG_WARN_EMPTY_BODY = YES;
				CLANG_WARN_ENUM_CONVERSION = YES;
				CLANG_WARN_INFINITE_RECURSION = YES;
				CLANG_WARN_INT_CONVERSION = YES;
				CLANG_WARN_NON_LITERAL_NULL_CONVERSION = YES;
				CLANG_WARN_OBJC_IMPLICIT_RETAIN_SELF = YES;
				CLANG_WARN_OBJC_LITERAL_CONVERSION = YES;
				CLANG_WARN_OBJC_ROOT_CLASS = YES_ERROR;
				CLANG_WARN_QUOTED_INCLUDE_IN_FRAMEWORK_HEADER = YES;
				CLANG_WARN_RANGE_LOOP_ANALYSIS = YES;
				CLANG_WARN_STRICT_PROTOTYPES = YES;
				CLANG_WARN_SUSPICIOUS_MOVE = YES;
				CLANG_WARN_UNGUARDED_AVAILABILITY = YES_AGGRESSIVE;
				CLANG_WARN_UNREACHABLE_CODE = YES;
				CLANG_WARN__DUPLICATE_METHOD_MATCH = YES;
				COPY_PHASE_STRIP = NO;
				DEBUG_INFORMATION_FORMAT = dwarf;
				ENABLE_STRICT_OBJC_MSGSEND = YES;
				ENABLE_TESTABILITY = YES;
				GCC_C_LANGUAGE_STANDARD = gnu11;
				GCC_DYNAMIC_NO_PIC = NO;
				GCC_NO_COMMON_BLOCKS = YES;
				GCC_OPTIMIZATION_LEVEL = 0;
				GCC_PREPROCESSOR_DEFINITIONS = (
					"DEBUG=1",
					"$(inherited)",
				);
				GCC_WARN_64_TO_32_BIT_CONVERSION = YES;
				GCC_WARN_ABOUT_RETURN_TYPE = YES_ERROR;
				GCC_WARN_UNDECLARED_SELECTOR = YES;
				GCC_WARN_UNINITIALIZED_AUTOS = YES_AGGRESSIVE;
				GCC_WARN_UNUSED_FUNCTION = YES;
				GCC_WARN_UNUSED_VARIABLE = YES;
				IPHONEOS_DEPLOYMENT_TARGET = 15.5;
				MTL_ENABLE_DEBUG_INFO = INCLUDE_SOURCE;
				MTL_FAST_MATH = YES;
				ONLY_ACTIVE_ARCH = YES;
				SDKROOT = iphoneos;
				SWIFT_ACTIVE_COMPILATION_CONDITIONS = DEBUG;
				SWIFT_OPTIMIZATION_LEVEL = "-Onone";
			};
			name = Debug;
		};
		AF25D2C92875B3160084E33D /* Release */ = {
			isa = XCBuildConfiguration;
			buildSettings = {
				ALWAYS_SEARCH_USER_PATHS = NO;
				CLANG_ANALYZER_NONNULL = YES;
				CLANG_ANALYZER_NUMBER_OBJECT_CONVERSION = YES_AGGRESSIVE;
				CLANG_CXX_LANGUAGE_STANDARD = "gnu++17";
				CLANG_ENABLE_MODULES = YES;
				CLANG_ENABLE_OBJC_ARC = YES;
				CLANG_ENABLE_OBJC_WEAK = YES;
				CLANG_WARN_BLOCK_CAPTURE_AUTORELEASING = YES;
				CLANG_WARN_BOOL_CONVERSION = YES;
				CLANG_WARN_COMMA = YES;
				CLANG_WARN_CONSTANT_CONVERSION = YES;
				CLANG_WARN_DEPRECATED_OBJC_IMPLEMENTATIONS = YES;
				CLANG_WARN_DIRECT_OBJC_ISA_USAGE = YES_ERROR;
				CLANG_WARN_DOCUMENTATION_COMMENTS = YES;
				CLANG_WARN_EMPTY_BODY = YES;
				CLANG_WARN_ENUM_CONVERSION = YES;
				CLANG_WARN_INFINITE_RECURSION = YES;
				CLANG_WARN_INT_CONVERSION = YES;
				CLANG_WARN_NON_LITERAL_NULL_CONVERSION = YES;
				CLANG_WARN_OBJC_IMPLICIT_RETAIN_SELF = YES;
				CLANG_WARN_OBJC_LITERAL_CONVERSION = YES;
				CLANG_WARN_OBJC_ROOT_CLASS = YES_ERROR;
				CLANG_WARN_QUOTED_INCLUDE_IN_FRAMEWORK_HEADER = YES;
				CLANG_WARN_RANGE_LOOP_ANALYSIS = YES;
				CLANG_WARN_STRICT_PROTOTYPES = YES;
				CLANG_WARN_SUSPICIOUS_MOVE = YES;
				CLANG_WARN_UNGUARDED_AVAILABILITY = YES_AGGRESSIVE;
				CLANG_WARN_UNREACHABLE_CODE = YES;
				CLANG_WARN__DUPLICATE_METHOD_MATCH = YES;
				COPY_PHASE_STRIP = NO;
				DEBUG_INFORMATION_FORMAT = "dwarf-with-dsym";
				ENABLE_NS_ASSERTIONS = NO;
				ENABLE_STRICT_OBJC_MSGSEND = YES;
				GCC_C_LANGUAGE_STANDARD = gnu11;
				GCC_NO_COMMON_BLOCKS = YES;
				GCC_WARN_64_TO_32_BIT_CONVERSION = YES;
				GCC_WARN_ABOUT_RETURN_TYPE = YES_ERROR;
				GCC_WARN_UNDECLARED_SELECTOR = YES;
				GCC_WARN_UNINITIALIZED_AUTOS = YES_AGGRESSIVE;
				GCC_WARN_UNUSED_FUNCTION = YES;
				GCC_WARN_UNUSED_VARIABLE = YES;
				IPHONEOS_DEPLOYMENT_TARGET = 15.5;
				MTL_ENABLE_DEBUG_INFO = NO;
				MTL_FAST_MATH = YES;
				SDKROOT = iphoneos;
				SWIFT_COMPILATION_MODE = wholemodule;
				SWIFT_OPTIMIZATION_LEVEL = "-O";
				VALIDATE_PRODUCT = YES;
			};
			name = Release;
		};
		AF25D2CB2875B3160084E33D /* Debug */ = {
			isa = XCBuildConfiguration;
			buildSettings = {
				ASSETCATALOG_COMPILER_APPICON_NAME = AppIcon;
				ASSETCATALOG_COMPILER_GLOBAL_ACCENT_COLOR_NAME = AccentColor;
				CODE_SIGN_STYLE = Automatic;
				CURRENT_PROJECT_VERSION = 1;
				DEVELOPMENT_TEAM = 36FB83P3NL;
				GENERATE_INFOPLIST_FILE = YES;
				INFOPLIST_FILE = fromMVCtoMVVM/Info.plist;
				INFOPLIST_KEY_UIApplicationSupportsIndirectInputEvents = YES;
				INFOPLIST_KEY_UILaunchStoryboardName = LaunchScreen;
				INFOPLIST_KEY_UIMainStoryboardFile = Main;
				INFOPLIST_KEY_UISupportedInterfaceOrientations = UIInterfaceOrientationPortrait;
				INFOPLIST_KEY_UISupportedInterfaceOrientations_iPad = "UIInterfaceOrientationPortrait UIInterfaceOrientationPortraitUpsideDown UIInterfaceOrientationLandscapeLeft UIInterfaceOrientationLandscapeRight";
				INFOPLIST_KEY_UISupportedInterfaceOrientations_iPhone = "UIInterfaceOrientationPortrait UIInterfaceOrientationLandscapeLeft UIInterfaceOrientationLandscapeRight";
				LD_RUNPATH_SEARCH_PATHS = (
					"$(inherited)",
					"@executable_path/Frameworks",
				);
				MARKETING_VERSION = 1.0;
				PRODUCT_BUNDLE_IDENTIFIER = "pet-project.fromMVCtoMVVM";
				PRODUCT_NAME = "$(TARGET_NAME)";
				SWIFT_EMIT_LOC_STRINGS = YES;
				SWIFT_VERSION = 5.0;
				TARGETED_DEVICE_FAMILY = 1;
			};
			name = Debug;
		};
		AF25D2CC2875B3160084E33D /* Release */ = {
			isa = XCBuildConfiguration;
			buildSettings = {
				ASSETCATALOG_COMPILER_APPICON_NAME = AppIcon;
				ASSETCATALOG_COMPILER_GLOBAL_ACCENT_COLOR_NAME = AccentColor;
				CODE_SIGN_STYLE = Automatic;
				CURRENT_PROJECT_VERSION = 1;
				DEVELOPMENT_TEAM = 36FB83P3NL;
				GENERATE_INFOPLIST_FILE = YES;
				INFOPLIST_FILE = fromMVCtoMVVM/Info.plist;
				INFOPLIST_KEY_UIApplicationSupportsIndirectInputEvents = YES;
				INFOPLIST_KEY_UILaunchStoryboardName = LaunchScreen;
				INFOPLIST_KEY_UIMainStoryboardFile = Main;
				INFOPLIST_KEY_UISupportedInterfaceOrientations = UIInterfaceOrientationPortrait;
				INFOPLIST_KEY_UISupportedInterfaceOrientations_iPad = "UIInterfaceOrientationPortrait UIInterfaceOrientationPortraitUpsideDown UIInterfaceOrientationLandscapeLeft UIInterfaceOrientationLandscapeRight";
				INFOPLIST_KEY_UISupportedInterfaceOrientations_iPhone = "UIInterfaceOrientationPortrait UIInterfaceOrientationLandscapeLeft UIInterfaceOrientationLandscapeRight";
				LD_RUNPATH_SEARCH_PATHS = (
					"$(inherited)",
					"@executable_path/Frameworks",
				);
				MARKETING_VERSION = 1.0;
				PRODUCT_BUNDLE_IDENTIFIER = "pet-project.fromMVCtoMVVM";
				PRODUCT_NAME = "$(TARGET_NAME)";
				SWIFT_EMIT_LOC_STRINGS = YES;
				SWIFT_VERSION = 5.0;
				TARGETED_DEVICE_FAMILY = 1;
			};
			name = Release;
		};
/* End XCBuildConfiguration section */

/* Begin XCConfigurationList section */
		AF25D2B12875B3100084E33D /* Build configuration list for PBXProject "fromMVCtoMVVM" */ = {
			isa = XCConfigurationList;
			buildConfigurations = (
				AF25D2C82875B3160084E33D /* Debug */,
				AF25D2C92875B3160084E33D /* Release */,
			);
			defaultConfigurationIsVisible = 0;
			defaultConfigurationName = Release;
		};
		AF25D2CA2875B3160084E33D /* Build configuration list for PBXNativeTarget "fromMVCtoMVVM" */ = {
			isa = XCConfigurationList;
			buildConfigurations = (
				AF25D2CB2875B3160084E33D /* Debug */,
				AF25D2CC2875B3160084E33D /* Release */,
			);
			defaultConfigurationIsVisible = 0;
			defaultConfigurationName = Release;
		};
/* End XCConfigurationList section */
	};
	rootObject = AF25D2AE2875B3100084E33D /* Project object */;
}
